
Microsoft Visual Studio Solution File, Format Version 12.00
# Visual Studio 15
VisualStudioVersion = 15.0.28307.572
MinimumVisualStudioVersion = 10.0.40219.1
Project("{FAE04EC0-301F-11D3-BF4B-00C04F79EFBC}") = "ConditionalExpressions", "Control\Tier1\ConditionalExpressions\ConditionalExpressions.csproj", "{2D702BE7-0EF6-440C-82EB-34851C1FDF8E}"
EndProject
Project("{FAE04EC0-301F-11D3-BF4B-00C04F79EFBC}") = "ControlStatements", "Control\Tier1\ControlStatements\ControlStatements.csproj", "{1E45E0A2-7815-4C59-A017-B4BE625667C8}"
EndProject
Project("{FAE04EC0-301F-11D3-BF4B-00C04F79EFBC}") = "Functions", "Control\Tier1\Functions\Functions.csproj", "{D05B8004-E9AF-45C7-859C-3BDB63E15368}"
EndProject
Project("{FAE04EC0-301F-11D3-BF4B-00C04F79EFBC}") = "Loops", "Control\Tier1\Loops\Loops.csproj", "{5C926484-D355-4379-82A1-AA373BA062B4}"
EndProject
Project("{FAE04EC0-301F-11D3-BF4B-00C04F79EFBC}") = "ShortCircuit", "Control\Tier1\ShortCircuit\ShortCircuit.csproj", "{8FAD4FC5-5110-485B-B6C4-E480B6C07932}"
EndProject
Project("{FAE04EC0-301F-11D3-BF4B-00C04F79EFBC}") = "Array", "Container\Tier1\Array\Array.csproj", "{E242FC5B-6475-4061-BC48-B3EB78F48348}"
EndProject
Project("{FAE04EC0-301F-11D3-BF4B-00C04F79EFBC}") = "Integers", "Types\Tier1\Integers\Integers.csproj", "{08C4DEC5-6DB8-4E32-9905-0EF6096CB603}"
EndProject
Global
	GlobalSection(SolutionConfigurationPlatforms) = preSolution
		Debug|Any CPU = Debug|Any CPU
		Release|Any CPU = Release|Any CPU
	EndGlobalSection
	GlobalSection(ProjectConfigurationPlatforms) = postSolution
		{2D702BE7-0EF6-440C-82EB-34851C1FDF8E}.Debug|Any CPU.ActiveCfg = Debug|Any CPU
		{2D702BE7-0EF6-440C-82EB-34851C1FDF8E}.Debug|Any CPU.Build.0 = Debug|Any CPU
		{2D702BE7-0EF6-440C-82EB-34851C1FDF8E}.Release|Any CPU.ActiveCfg = Release|Any CPU
		{2D702BE7-0EF6-440C-82EB-34851C1FDF8E}.Release|Any CPU.Build.0 = Release|Any CPU
		{1E45E0A2-7815-4C59-A017-B4BE625667C8}.Debug|Any CPU.ActiveCfg = Debug|Any CPU
		{1E45E0A2-7815-4C59-A017-B4BE625667C8}.Debug|Any CPU.Build.0 = Debug|Any CPU
		{1E45E0A2-7815-4C59-A017-B4BE625667C8}.Release|Any CPU.ActiveCfg = Release|Any CPU
		{1E45E0A2-7815-4C59-A017-B4BE625667C8}.Release|Any CPU.Build.0 = Release|Any CPU
		{D05B8004-E9AF-45C7-859C-3BDB63E15368}.Debug|Any CPU.ActiveCfg = Debug|Any CPU
		{D05B8004-E9AF-45C7-859C-3BDB63E15368}.Debug|Any CPU.Build.0 = Debug|Any CPU
		{D05B8004-E9AF-45C7-859C-3BDB63E15368}.Release|Any CPU.ActiveCfg = Release|Any CPU
		{D05B8004-E9AF-45C7-859C-3BDB63E15368}.Release|Any CPU.Build.0 = Release|Any CPU
		{5C926484-D355-4379-82A1-AA373BA062B4}.Debug|Any CPU.ActiveCfg = Debug|Any CPU
		{5C926484-D355-4379-82A1-AA373BA062B4}.Debug|Any CPU.Build.0 = Debug|Any CPU
		{5C926484-D355-4379-82A1-AA373BA062B4}.Release|Any CPU.ActiveCfg = Release|Any CPU
		{5C926484-D355-4379-82A1-AA373BA062B4}.Release|Any CPU.Build.0 = Release|Any CPU
		{8FAD4FC5-5110-485B-B6C4-E480B6C07932}.Debug|Any CPU.ActiveCfg = Debug|Any CPU
		{8FAD4FC5-5110-485B-B6C4-E480B6C07932}.Debug|Any CPU.Build.0 = Debug|Any CPU
		{8FAD4FC5-5110-485B-B6C4-E480B6C07932}.Release|Any CPU.ActiveCfg = Release|Any CPU
		{8FAD4FC5-5110-485B-B6C4-E480B6C07932}.Release|Any CPU.Build.0 = Release|Any CPU
		{E242FC5B-6475-4061-BC48-B3EB78F48348}.Debug|Any CPU.ActiveCfg = Debug|Any CPU
		{E242FC5B-6475-4061-BC48-B3EB78F48348}.Debug|Any CPU.Build.0 = Debug|Any CPU
		{E242FC5B-6475-4061-BC48-B3EB78F48348}.Release|Any CPU.ActiveCfg = Release|Any CPU
		{E242FC5B-6475-4061-BC48-B3EB78F48348}.Release|Any CPU.Build.0 = Release|Any CPU
		{08C4DEC5-6DB8-4E32-9905-0EF6096CB603}.Debug|Any CPU.ActiveCfg = Debug|Any CPU
		{08C4DEC5-6DB8-4E32-9905-0EF6096CB603}.Debug|Any CPU.Build.0 = Debug|Any CPU
		{08C4DEC5-6DB8-4E32-9905-0EF6096CB603}.Release|Any CPU.ActiveCfg = Release|Any CPU
		{08C4DEC5-6DB8-4E32-9905-0EF6096CB603}.Release|Any CPU.Build.0 = Release|Any CPU
	EndGlobalSection
	GlobalSection(SolutionProperties) = preSolution
		HideSolutionNode = FALSE
	EndGlobalSection
	GlobalSection(ExtensibilityGlobals) = postSolution
		SolutionGuid = {3E02D12C-175E-44FC-8D8A-4E0B8788E3DD}
	EndGlobalSection
EndGlobal
