
Microsoft Visual Studio Solution File, Format Version 12.00
# Visual Studio 15
VisualStudioVersion = 15.0.28306.52
MinimumVisualStudioVersion = 10.0.40219.1
Project("{9A19103F-16F7-4668-BE54-9A1E7A4F7556}") = "Array", "Array.csproj", "{154B2E3E-CCAC-46B8-810F-47D54E494007}"
EndProject
Global
	GlobalSection(SolutionConfigurationPlatforms) = preSolution
		Debug|Any CPU = Debug|Any CPU
		Release|Any CPU = Release|Any CPU
	EndGlobalSection
	GlobalSection(ProjectConfigurationPlatforms) = postSolution
		{154B2E3E-CCAC-46B8-810F-47D54E494007}.Debug|Any CPU.ActiveCfg = Debug|Any CPU
		{154B2E3E-CCAC-46B8-810F-47D54E494007}.Debug|Any CPU.Build.0 = Debug|Any CPU
		{154B2E3E-CCAC-46B8-810F-47D54E494007}.Release|Any CPU.ActiveCfg = Release|Any CPU
		{154B2E3E-CCAC-46B8-810F-47D54E494007}.Release|Any CPU.Build.0 = Release|Any CPU
	EndGlobalSection
	GlobalSection(SolutionProperties) = preSolution
		HideSolutionNode = FALSE
	EndGlobalSection
	GlobalSection(ExtensibilityGlobals) = postSolution
		SolutionGuid = {3B9210BF-0671-4411-A54F-607D21B87E4C}
	EndGlobalSection
EndGlobal
