
Microsoft Visual Studio Solution File, Format Version 12.00
# Visual Studio Version 16
VisualStudioVersion = 16.0.31829.152
MinimumVisualStudioVersion = 10.0.40219.1
Project("{8BC9CEB8-8B4A-11D0-8D11-00A0C91BC942}") = "Arrays", "..\Containers\101_Arrays\Arrays.vcxproj", "{EC0DE57C-C551-42FE-8E08-70824CA629FC}"
EndProject
Project("{8BC9CEB8-8B4A-11D0-8D11-00A0C91BC942}") = "SinglyLinkedList", "..\Containers\200_LinkedLists\SinglyLinkedList\SinglyLinkedList.vcxproj", "{D6D6E8A4-7A87-461F-8752-0EFEA7D872BD}"
EndProject
Project("{8BC9CEB8-8B4A-11D0-8D11-00A0C91BC942}") = "SeperateChainingHashTable", "..\Containers\102_HashTables\SeperateChainingHashTable\SeperateChainingHashTable.vcxproj", "{B6620B91-9E6D-46FC-B348-FEA1F70DB429}"
EndProject
Global
	GlobalSection(SolutionConfigurationPlatforms) = preSolution
		Debug|x64 = Debug|x64
		Debug|x86 = Debug|x86
		Release|x64 = Release|x64
		Release|x86 = Release|x86
	EndGlobalSection
	GlobalSection(ProjectConfigurationPlatforms) = postSolution
		{EC0DE57C-C551-42FE-8E08-70824CA629FC}.Debug|x64.ActiveCfg = Debug|x64
		{EC0DE57C-C551-42FE-8E08-70824CA629FC}.Debug|x64.Build.0 = Debug|x64
		{EC0DE57C-C551-42FE-8E08-70824CA629FC}.Debug|x86.ActiveCfg = Debug|Win32
		{EC0DE57C-C551-42FE-8E08-70824CA629FC}.Debug|x86.Build.0 = Debug|Win32
		{EC0DE57C-C551-42FE-8E08-70824CA629FC}.Release|x64.ActiveCfg = Release|x64
		{EC0DE57C-C551-42FE-8E08-70824CA629FC}.Release|x64.Build.0 = Release|x64
		{EC0DE57C-C551-42FE-8E08-70824CA629FC}.Release|x86.ActiveCfg = Release|Win32
		{EC0DE57C-C551-42FE-8E08-70824CA629FC}.Release|x86.Build.0 = Release|Win32
		{D6D6E8A4-7A87-461F-8752-0EFEA7D872BD}.Debug|x64.ActiveCfg = Debug|x64
		{D6D6E8A4-7A87-461F-8752-0EFEA7D872BD}.Debug|x64.Build.0 = Debug|x64
		{D6D6E8A4-7A87-461F-8752-0EFEA7D872BD}.Debug|x86.ActiveCfg = Debug|Win32
		{D6D6E8A4-7A87-461F-8752-0EFEA7D872BD}.Debug|x86.Build.0 = Debug|Win32
		{D6D6E8A4-7A87-461F-8752-0EFEA7D872BD}.Release|x64.ActiveCfg = Release|x64
		{D6D6E8A4-7A87-461F-8752-0EFEA7D872BD}.Release|x64.Build.0 = Release|x64
		{D6D6E8A4-7A87-461F-8752-0EFEA7D872BD}.Release|x86.ActiveCfg = Release|Win32
		{D6D6E8A4-7A87-461F-8752-0EFEA7D872BD}.Release|x86.Build.0 = Release|Win32
		{B6620B91-9E6D-46FC-B348-FEA1F70DB429}.Debug|x64.ActiveCfg = Debug|x64
		{B6620B91-9E6D-46FC-B348-FEA1F70DB429}.Debug|x64.Build.0 = Debug|x64
		{B6620B91-9E6D-46FC-B348-FEA1F70DB429}.Debug|x86.ActiveCfg = Debug|Win32
		{B6620B91-9E6D-46FC-B348-FEA1F70DB429}.Debug|x86.Build.0 = Debug|Win32
		{B6620B91-9E6D-46FC-B348-FEA1F70DB429}.Release|x64.ActiveCfg = Release|x64
		{B6620B91-9E6D-46FC-B348-FEA1F70DB429}.Release|x64.Build.0 = Release|x64
		{B6620B91-9E6D-46FC-B348-FEA1F70DB429}.Release|x86.ActiveCfg = Release|Win32
		{B6620B91-9E6D-46FC-B348-FEA1F70DB429}.Release|x86.Build.0 = Release|Win32
	EndGlobalSection
	GlobalSection(SolutionProperties) = preSolution
		HideSolutionNode = FALSE
	EndGlobalSection
	GlobalSection(ExtensibilityGlobals) = postSolution
		SolutionGuid = {19918001-5865-430C-A6A1-6DDEA3A86783}
	EndGlobalSection
EndGlobal
