
Microsoft Visual Studio Solution File, Format Version 12.00
# Visual Studio 15
VisualStudioVersion = 15.0.28306.52
MinimumVisualStudioVersion = 10.0.40219.1
Project("{8BC9CEB8-8B4A-11D0-8D11-00A0C91BC942}") = "FunctionCalls", "Control\Tier1\FunctionCalls\FunctionCalls.vcxproj", "{F65F0A5F-4EE1-4F68-8433-8C0D0B5B8998}"
EndProject
Project("{8BC9CEB8-8B4A-11D0-8D11-00A0C91BC942}") = "ConditionalExpressions", "Control\Tier1\ConditionalExpressions\ConditionalExpressions.vcxproj", "{3030267F-DC92-4149-BB93-0E5264241AB7}"
EndProject
Global
	GlobalSection(SolutionConfigurationPlatforms) = preSolution
		Debug|x64 = Debug|x64
		Debug|x86 = Debug|x86
		Release|x64 = Release|x64
		Release|x86 = Release|x86
	EndGlobalSection
	GlobalSection(ProjectConfigurationPlatforms) = postSolution
		{F65F0A5F-4EE1-4F68-8433-8C0D0B5B8998}.Debug|x64.ActiveCfg = Debug|x64
		{F65F0A5F-4EE1-4F68-8433-8C0D0B5B8998}.Debug|x64.Build.0 = Debug|x64
		{F65F0A5F-4EE1-4F68-8433-8C0D0B5B8998}.Debug|x86.ActiveCfg = Debug|Win32
		{F65F0A5F-4EE1-4F68-8433-8C0D0B5B8998}.Debug|x86.Build.0 = Debug|Win32
		{F65F0A5F-4EE1-4F68-8433-8C0D0B5B8998}.Release|x64.ActiveCfg = Release|x64
		{F65F0A5F-4EE1-4F68-8433-8C0D0B5B8998}.Release|x64.Build.0 = Release|x64
		{F65F0A5F-4EE1-4F68-8433-8C0D0B5B8998}.Release|x86.ActiveCfg = Release|Win32
		{F65F0A5F-4EE1-4F68-8433-8C0D0B5B8998}.Release|x86.Build.0 = Release|Win32
		{3030267F-DC92-4149-BB93-0E5264241AB7}.Debug|x64.ActiveCfg = Debug|x64
		{3030267F-DC92-4149-BB93-0E5264241AB7}.Debug|x64.Build.0 = Debug|x64
		{3030267F-DC92-4149-BB93-0E5264241AB7}.Debug|x86.ActiveCfg = Debug|Win32
		{3030267F-DC92-4149-BB93-0E5264241AB7}.Debug|x86.Build.0 = Debug|Win32
		{3030267F-DC92-4149-BB93-0E5264241AB7}.Release|x64.ActiveCfg = Release|x64
		{3030267F-DC92-4149-BB93-0E5264241AB7}.Release|x64.Build.0 = Release|x64
		{3030267F-DC92-4149-BB93-0E5264241AB7}.Release|x86.ActiveCfg = Release|Win32
		{3030267F-DC92-4149-BB93-0E5264241AB7}.Release|x86.Build.0 = Release|Win32
	EndGlobalSection
	GlobalSection(SolutionProperties) = preSolution
		HideSolutionNode = FALSE
	EndGlobalSection
	GlobalSection(ExtensibilityGlobals) = postSolution
		SolutionGuid = {82CB05FE-996D-4F71-89B6-1EBED4682222}
	EndGlobalSection
EndGlobal
